{
  "name": "@codeonlyjs/doconly",
  "version": "0.0.1",
  "lockfileVersion": 3,
  "requires": true,
  "packages": {
    "": {
      "name": "@codeonlyjs/doconly",
      "version": "0.0.1",
      "license": "Apache-2.0",
      "dependencies": {
        "@codeonlyjs/core": "github:codeonlyjs/core",
        "@codeonlyjs/stdapp": "file:../stdapp",
        "@codeonlyjs/stylish": "github:codeonlyjs/stylish"
      }
    },
    "../stdapp": {},
    "node_modules/@codeonlyjs/core": {
      "version": "0.1.120",
      "resolved": "git+ssh://git@github.com/codeonlyjs/core.git#cb496fc4efd1339e0e1ec7b36b767e1d11c6ebf4",
      "license": "Apache-2.0"
    },
    "node_modules/@codeonlyjs/stdapp": {
      "resolved": "../stdapp",
      "link": true
    },
    "node_modules/@codeonlyjs/stylish": {
      "version": "1.0.14",
      "resolved": "git+ssh://git@github.com/codeonlyjs/stylish.git#98696085a64516ac869e514697be21928047644b",
      "license": "Apache-2.0"
    }
  }
}
